// !$*UTF8*$!
{
	archiveVersion = 1;
	classes = {
	};
	objectVersion = 56;
	objects = {

/* Begin PBXBuildFile section */
		B80E942F2C1047CA000D6645 /* LottoNumberView.swift in Sources */ = {isa = PBXBuildFile; fileRef = B80E942E2C1047CA000D6645 /* LottoNumberView.swift */; };
		B80E94322C104805000D6645 /* String+Extension.swift in Sources */ = {isa = PBXBuildFile; fileRef = B80E94312C104805000D6645 /* String+Extension.swift */; };
		B80E94352C104845000D6645 /* Lotto.swift in Sources */ = {isa = PBXBuildFile; fileRef = B80E94342C104845000D6645 /* Lotto.swift */; };
		B80E94392C104938000D6645 /* LottoColor.swift in Sources */ = {isa = PBXBuildFile; fileRef = B80E94382C104938000D6645 /* LottoColor.swift */; };
		B88C44B02C0D41310074916B /* AppDelegate.swift in Sources */ = {isa = PBXBuildFile; fileRef = B88C44AF2C0D41310074916B /* AppDelegate.swift */; };
		B88C44B22C0D41310074916B /* SceneDelegate.swift in Sources */ = {isa = PBXBuildFile; fileRef = B88C44B12C0D41310074916B /* SceneDelegate.swift */; };
		B88C44B42C0D41310074916B /* ViewController.swift in Sources */ = {isa = PBXBuildFile; fileRef = B88C44B32C0D41310074916B /* ViewController.swift */; };
		B88C44B72C0D41310074916B /* Base in Resources */ = {isa = PBXBuildFile; fileRef = B88C44B62C0D41310074916B /* Base */; };
		B88C44B92C0D41330074916B /* Assets.xcassets in Resources */ = {isa = PBXBuildFile; fileRef = B88C44B82C0D41330074916B /* Assets.xcassets */; };
		B88C44BC2C0D41330074916B /* Base in Resources */ = {isa = PBXBuildFile; fileRef = B88C44BB2C0D41330074916B /* Base */; };
		B88C44C52C0D42ED0074916B /* BasicTableViewCell.swift in Sources */ = {isa = PBXBuildFile; fileRef = B88C44C32C0D42ED0074916B /* BasicTableViewCell.swift */; };
		B88C44C62C0D42ED0074916B /* BasicTableViewCell.xib in Resources */ = {isa = PBXBuildFile; fileRef = B88C44C42C0D42ED0074916B /* BasicTableViewCell.xib */; };
		B88C44C82C0D45860074916B /* ReusableProtocol.swift in Sources */ = {isa = PBXBuildFile; fileRef = B88C44C72C0D45860074916B /* ReusableProtocol.swift */; };
		B88C44CA2C0D580D0074916B /* UIColor+Extension.swift in Sources */ = {isa = PBXBuildFile; fileRef = B88C44C92C0D580D0074916B /* UIColor+Extension.swift */; };
		B88C44CC2C0D5A3B0074916B /* UserViewController.swift in Sources */ = {isa = PBXBuildFile; fileRef = B88C44CB2C0D5A3B0074916B /* UserViewController.swift */; };
		B88C44CE2C0D5F2F0074916B /* AddEditViewController.swift in Sources */ = {isa = PBXBuildFile; fileRef = B88C44CD2C0D5F2F0074916B /* AddEditViewController.swift */; };
		B890D7F02C0E98FA009B013D /* FrameViewController.swift in Sources */ = {isa = PBXBuildFile; fileRef = B890D7EF2C0E98FA009B013D /* FrameViewController.swift */; };
		B890D7F22C0EA26F009B013D /* ConstraintsViewController.swift in Sources */ = {isa = PBXBuildFile; fileRef = B890D7F12C0EA26F009B013D /* ConstraintsViewController.swift */; };
		B890D7F52C0EB1BC009B013D /* SnapKit in Frameworks */ = {isa = PBXBuildFile; productRef = B890D7F42C0EB1BC009B013D /* SnapKit */; };
		B890D7F72C0EB1BC009B013D /* SnapKit-Dynamic in Frameworks */ = {isa = PBXBuildFile; productRef = B890D7F62C0EB1BC009B013D /* SnapKit-Dynamic */; };
		B890D7F92C0EB319009B013D /* SnapKitViewController.swift in Sources */ = {isa = PBXBuildFile; fileRef = B890D7F82C0EB319009B013D /* SnapKitViewController.swift */; };
		B8ECD70C2C0EBC3200FED45E /* Snap2ViewController.swift in Sources */ = {isa = PBXBuildFile; fileRef = B8ECD70B2C0EBC3200FED45E /* Snap2ViewController.swift */; };
		B8ECD70F2C0EED5700FED45E /* LottoViewController.swift in Sources */ = {isa = PBXBuildFile; fileRef = B8ECD70E2C0EED5700FED45E /* LottoViewController.swift */; };
		B8ECD7122C0EEDB900FED45E /* Alamofire in Frameworks */ = {isa = PBXBuildFile; productRef = B8ECD7112C0EEDB900FED45E /* Alamofire */; };
/* End PBXBuildFile section */

/* Begin PBXFileReference section */
		B80E942E2C1047CA000D6645 /* LottoNumberView.swift */ = {isa = PBXFileReference; lastKnownFileType = sourcecode.swift; path = LottoNumberView.swift; sourceTree = "<group>"; };
		B80E94312C104805000D6645 /* String+Extension.swift */ = {isa = PBXFileReference; lastKnownFileType = sourcecode.swift; path = "String+Extension.swift"; sourceTree = "<group>"; };
		B80E94342C104845000D6645 /* Lotto.swift */ = {isa = PBXFileReference; lastKnownFileType = sourcecode.swift; path = Lotto.swift; sourceTree = "<group>"; };
		B80E94382C104938000D6645 /* LottoColor.swift */ = {isa = PBXFileReference; lastKnownFileType = sourcecode.swift; path = LottoColor.swift; sourceTree = "<group>"; };
		B88C44AC2C0D41310074916B /* NetworkBasic.app */ = {isa = PBXFileReference; explicitFileType = wrapper.application; includeInIndex = 0; path = NetworkBasic.app; sourceTree = BUILT_PRODUCTS_DIR; };
		B88C44AF2C0D41310074916B /* AppDelegate.swift */ = {isa = PBXFileReference; lastKnownFileType = sourcecode.swift; path = AppDelegate.swift; sourceTree = "<group>"; };
		B88C44B12C0D41310074916B /* SceneDelegate.swift */ = {isa = PBXFileReference; lastKnownFileType = sourcecode.swift; path = SceneDelegate.swift; sourceTree = "<group>"; };
		B88C44B32C0D41310074916B /* ViewController.swift */ = {isa = PBXFileReference; lastKnownFileType = sourcecode.swift; path = ViewController.swift; sourceTree = "<group>"; };
		B88C44B62C0D41310074916B /* Base */ = {isa = PBXFileReference; lastKnownFileType = file.storyboard; name = Base; path = Base.lproj/Main.storyboard; sourceTree = "<group>"; };
		B88C44B82C0D41330074916B /* Assets.xcassets */ = {isa = PBXFileReference; lastKnownFileType = folder.assetcatalog; path = Assets.xcassets; sourceTree = "<group>"; };
		B88C44BB2C0D41330074916B /* Base */ = {isa = PBXFileReference; lastKnownFileType = file.storyboard; name = Base; path = Base.lproj/LaunchScreen.storyboard; sourceTree = "<group>"; };
		B88C44BD2C0D41330074916B /* Info.plist */ = {isa = PBXFileReference; lastKnownFileType = text.plist.xml; path = Info.plist; sourceTree = "<group>"; };
		B88C44C32C0D42ED0074916B /* BasicTableViewCell.swift */ = {isa = PBXFileReference; lastKnownFileType = sourcecode.swift; path = BasicTableViewCell.swift; sourceTree = "<group>"; };
		B88C44C42C0D42ED0074916B /* BasicTableViewCell.xib */ = {isa = PBXFileReference; lastKnownFileType = file.xib; path = BasicTableViewCell.xib; sourceTree = "<group>"; };
		B88C44C72C0D45860074916B /* ReusableProtocol.swift */ = {isa = PBXFileReference; lastKnownFileType = sourcecode.swift; path = ReusableProtocol.swift; sourceTree = "<group>"; };
		B88C44C92C0D580D0074916B /* UIColor+Extension.swift */ = {isa = PBXFileReference; lastKnownFileType = sourcecode.swift; path = "UIColor+Extension.swift"; sourceTree = "<group>"; };
		B88C44CB2C0D5A3B0074916B /* UserViewController.swift */ = {isa = PBXFileReference; lastKnownFileType = sourcecode.swift; path = UserViewController.swift; sourceTree = "<group>"; };
		B88C44CD2C0D5F2F0074916B /* AddEditViewController.swift */ = {isa = PBXFileReference; lastKnownFileType = sourcecode.swift; path = AddEditViewController.swift; sourceTree = "<group>"; };
		B890D7EF2C0E98FA009B013D /* FrameViewController.swift */ = {isa = PBXFileReference; lastKnownFileType = sourcecode.swift; path = FrameViewController.swift; sourceTree = "<group>"; };
		B890D7F12C0EA26F009B013D /* ConstraintsViewController.swift */ = {isa = PBXFileReference; lastKnownFileType = sourcecode.swift; path = ConstraintsViewController.swift; sourceTree = "<group>"; };
		B890D7F82C0EB319009B013D /* SnapKitViewController.swift */ = {isa = PBXFileReference; lastKnownFileType = sourcecode.swift; path = SnapKitViewController.swift; sourceTree = "<group>"; };
		B8ECD70B2C0EBC3200FED45E /* Snap2ViewController.swift */ = {isa = PBXFileReference; lastKnownFileType = sourcecode.swift; path = Snap2ViewController.swift; sourceTree = "<group>"; };
		B8ECD70E2C0EED5700FED45E /* LottoViewController.swift */ = {isa = PBXFileReference; lastKnownFileType = sourcecode.swift; path = LottoViewController.swift; sourceTree = "<group>"; };
/* End PBXFileReference section */

/* Begin PBXFrameworksBuildPhase section */
		B88C44A92C0D41310074916B /* Frameworks */ = {
			isa = PBXFrameworksBuildPhase;
			buildActionMask = 2147483647;
			files = (
				B8ECD7122C0EEDB900FED45E /* Alamofire in Frameworks */,
				B890D7F52C0EB1BC009B013D /* SnapKit in Frameworks */,
				B890D7F72C0EB1BC009B013D /* SnapKit-Dynamic in Frameworks */,
			);
			runOnlyForDeploymentPostprocessing = 0;
		};
/* End PBXFrameworksBuildPhase section */

/* Begin PBXGroup section */
		B80E942D2C1047BB000D6645 /* Custom */ = {
			isa = PBXGroup;
			children = (
				B80E942E2C1047CA000D6645 /* LottoNumberView.swift */,
			);
			path = Custom;
			sourceTree = "<group>";
		};
		B80E94302C1047F8000D6645 /* Extension */ = {
			isa = PBXGroup;
			children = (
				B88C44C92C0D580D0074916B /* UIColor+Extension.swift */,
				B80E94312C104805000D6645 /* String+Extension.swift */,
				B80E94382C104938000D6645 /* LottoColor.swift */,
			);
			path = Extension;
			sourceTree = "<group>";
		};
		B80E94332C104831000D6645 /* Model */ = {
			isa = PBXGroup;
			children = (
				B80E94342C104845000D6645 /* Lotto.swift */,
			);
			path = Model;
			sourceTree = "<group>";
		};
		B80E94372C1048F7000D6645 /* App */ = {
			isa = PBXGroup;
			children = (
				B88C44AF2C0D41310074916B /* AppDelegate.swift */,
				B88C44B12C0D41310074916B /* SceneDelegate.swift */,
			);
			path = App;
			sourceTree = "<group>";
		};
		B88C44A32C0D41310074916B = {
			isa = PBXGroup;
			children = (
				B88C44AE2C0D41310074916B /* NetworkBasic */,
				B88C44AD2C0D41310074916B /* Products */,
			);
			sourceTree = "<group>";
		};
		B88C44AD2C0D41310074916B /* Products */ = {
			isa = PBXGroup;
			children = (
				B88C44AC2C0D41310074916B /* NetworkBasic.app */,
			);
			name = Products;
			sourceTree = "<group>";
		};
		B88C44AE2C0D41310074916B /* NetworkBasic */ = {
			isa = PBXGroup;
			children = (
				B80E94372C1048F7000D6645 /* App */,
				B80E94332C104831000D6645 /* Model */,
				B80E94302C1047F8000D6645 /* Extension */,
				B80E942D2C1047BB000D6645 /* Custom */,
				B8ECD70D2C0EED3700FED45E /* NetworkBasic */,
				B890D7EE2C0E98B9009B013D /* Codebase */,
				B88C44B32C0D41310074916B /* ViewController.swift */,
				B88C44B52C0D41310074916B /* Main.storyboard */,
				B88C44CD2C0D5F2F0074916B /* AddEditViewController.swift */,
				B88C44CB2C0D5A3B0074916B /* UserViewController.swift */,
				B88C44C32C0D42ED0074916B /* BasicTableViewCell.swift */,
				B88C44C42C0D42ED0074916B /* BasicTableViewCell.xib */,
				B88C44B82C0D41330074916B /* Assets.xcassets */,
				B88C44BA2C0D41330074916B /* LaunchScreen.storyboard */,
				B88C44BD2C0D41330074916B /* Info.plist */,
				B88C44C72C0D45860074916B /* ReusableProtocol.swift */,
			);
			path = NetworkBasic;
			sourceTree = "<group>";
		};
		B890D7EE2C0E98B9009B013D /* Codebase */ = {
			isa = PBXGroup;
			children = (
				B890D7EF2C0E98FA009B013D /* FrameViewController.swift */,
				B890D7F12C0EA26F009B013D /* ConstraintsViewController.swift */,
				B890D7F82C0EB319009B013D /* SnapKitViewController.swift */,
				B8ECD70B2C0EBC3200FED45E /* Snap2ViewController.swift */,
			);
			path = Codebase;
			sourceTree = "<group>";
		};
		B8ECD70D2C0EED3700FED45E /* NetworkBasic */ = {
			isa = PBXGroup;
			children = (
				B8ECD70E2C0EED5700FED45E /* LottoViewController.swift */,
			);
			path = NetworkBasic;
			sourceTree = "<group>";
		};
/* End PBXGroup section */

/* Begin PBXNativeTarget section */
		B88C44AB2C0D41310074916B /* NetworkBasic */ = {
			isa = PBXNativeTarget;
			buildConfigurationList = B88C44C02C0D41330074916B /* Build configuration list for PBXNativeTarget "NetworkBasic" */;
			buildPhases = (
				B88C44A82C0D41310074916B /* Sources */,
				B88C44A92C0D41310074916B /* Frameworks */,
				B88C44AA2C0D41310074916B /* Resources */,
			);
			buildRules = (
			);
			dependencies = (
			);
			name = NetworkBasic;
			packageProductDependencies = (
				B890D7F42C0EB1BC009B013D /* SnapKit */,
				B890D7F62C0EB1BC009B013D /* SnapKit-Dynamic */,
				B8ECD7112C0EEDB900FED45E /* Alamofire */,
			);
			productName = NetworkBasic;
			productReference = B88C44AC2C0D41310074916B /* NetworkBasic.app */;
			productType = "com.apple.product-type.application";
		};
/* End PBXNativeTarget section */

/* Begin PBXProject section */
		B88C44A42C0D41310074916B /* Project object */ = {
			isa = PBXProject;
			attributes = {
				BuildIndependentTargetsInParallel = 1;
				LastSwiftUpdateCheck = 1530;
				LastUpgradeCheck = 1530;
				TargetAttributes = {
					B88C44AB2C0D41310074916B = {
						CreatedOnToolsVersion = 15.3;
					};
				};
			};
			buildConfigurationList = B88C44A72C0D41310074916B /* Build configuration list for PBXProject "NetworkBasic" */;
			compatibilityVersion = "Xcode 14.0";
			developmentRegion = en;
			hasScannedForEncodings = 0;
			knownRegions = (
				en,
				Base,
			);
			mainGroup = B88C44A32C0D41310074916B;
			packageReferences = (
				B890D7F32C0EB1BC009B013D /* XCRemoteSwiftPackageReference "SnapKit" */,
				B8ECD7102C0EEDB800FED45E /* XCRemoteSwiftPackageReference "Alamofire" */,
			);
			productRefGroup = B88C44AD2C0D41310074916B /* Products */;
			projectDirPath = "";
			projectRoot = "";
			targets = (
				B88C44AB2C0D41310074916B /* NetworkBasic */,
			);
		};
/* End PBXProject section */

/* Begin PBXResourcesBuildPhase section */
		B88C44AA2C0D41310074916B /* Resources */ = {
			isa = PBXResourcesBuildPhase;
			buildActionMask = 2147483647;
			files = (
				B88C44C62C0D42ED0074916B /* BasicTableViewCell.xib in Resources */,
				B88C44B92C0D41330074916B /* Assets.xcassets in Resources */,
				B88C44BC2C0D41330074916B /* Base in Resources */,
				B88C44B72C0D41310074916B /* Base in Resources */,
			);
			runOnlyForDeploymentPostprocessing = 0;
		};
/* End PBXResourcesBuildPhase section */

/* Begin PBXSourcesBuildPhase section */
		B88C44A82C0D41310074916B /* Sources */ = {
			isa = PBXSourcesBuildPhase;
			buildActionMask = 2147483647;
			files = (
				B88C44CC2C0D5A3B0074916B /* UserViewController.swift in Sources */,
				B88C44C52C0D42ED0074916B /* BasicTableViewCell.swift in Sources */,
				B80E942F2C1047CA000D6645 /* LottoNumberView.swift in Sources */,
				B88C44B42C0D41310074916B /* ViewController.swift in Sources */,
				B8ECD70C2C0EBC3200FED45E /* Snap2ViewController.swift in Sources */,
				B80E94392C104938000D6645 /* LottoColor.swift in Sources */,
				B890D7F92C0EB319009B013D /* SnapKitViewController.swift in Sources */,
				B890D7F02C0E98FA009B013D /* FrameViewController.swift in Sources */,
				B88C44C82C0D45860074916B /* ReusableProtocol.swift in Sources */,
				B80E94352C104845000D6645 /* Lotto.swift in Sources */,
				B88C44CE2C0D5F2F0074916B /* AddEditViewController.swift in Sources */,
				B88C44CA2C0D580D0074916B /* UIColor+Extension.swift in Sources */,
				B88C44B02C0D41310074916B /* AppDelegate.swift in Sources */,
				B88C44B22C0D41310074916B /* SceneDelegate.swift in Sources */,
				B8ECD70F2C0EED5700FED45E /* LottoViewController.swift in Sources */,
				B80E94322C104805000D6645 /* String+Extension.swift in Sources */,
				B890D7F22C0EA26F009B013D /* ConstraintsViewController.swift in Sources */,
			);
			runOnlyForDeploymentPostprocessing = 0;
		};
/* End PBXSourcesBuildPhase section */

/* Begin PBXVariantGroup section */
		B88C44B52C0D41310074916B /* Main.storyboard */ = {
			isa = PBXVariantGroup;
			children = (
				B88C44B62C0D41310074916B /* Base */,
			);
			name = Main.storyboard;
			sourceTree = "<group>";
		};
		B88C44BA2C0D41330074916B /* LaunchScreen.storyboard */ = {
			isa = PBXVariantGroup;
			children = (
				B88C44BB2C0D41330074916B /* Base */,
			);
			name = LaunchScreen.storyboard;
			sourceTree = "<group>";
		};
/* End PBXVariantGroup section */

/* Begin XCBuildConfiguration section */
		B88C44BE2C0D41330074916B /* Debug */ = {
			isa = XCBuildConfiguration;
			buildSettings = {
				ALWAYS_SEARCH_USER_PATHS = NO;
				ASSETCATALOG_COMPILER_GENERATE_SWIFT_ASSET_SYMBOL_EXTENSIONS = YES;
				CLANG_ANALYZER_NONNULL = YES;
				CLANG_ANALYZER_NUMBER_OBJECT_CONVERSION = YES_AGGRESSIVE;
				CLANG_CXX_LANGUAGE_STANDARD = "gnu++20";
				CLANG_ENABLE_MODULES = YES;
				CLANG_ENABLE_OBJC_ARC = YES;
				CLANG_ENABLE_OBJC_WEAK = YES;
				CLANG_WARN_BLOCK_CAPTURE_AUTORELEASING = YES;
				CLANG_WARN_BOOL_CONVERSION = YES;
				CLANG_WARN_COMMA = YES;
				CLANG_WARN_CONSTANT_CONVERSION = YES;
				CLANG_WARN_DEPRECATED_OBJC_IMPLEMENTATIONS = YES;
				CLANG_WARN_DIRECT_OBJC_ISA_USAGE = YES_ERROR;
				CLANG_WARN_DOCUMENTATION_COMMENTS = YES;
				CLANG_WARN_EMPTY_BODY = YES;
				CLANG_WARN_ENUM_CONVERSION = YES;
				CLANG_WARN_INFINITE_RECURSION = YES;
				CLANG_WARN_INT_CONVERSION = YES;
				CLANG_WARN_NON_LITERAL_NULL_CONVERSION = YES;
				CLANG_WARN_OBJC_IMPLICIT_RETAIN_SELF = YES;
				CLANG_WARN_OBJC_LITERAL_CONVERSION = YES;
				CLANG_WARN_OBJC_ROOT_CLASS = YES_ERROR;
				CLANG_WARN_QUOTED_INCLUDE_IN_FRAMEWORK_HEADER = YES;
				CLANG_WARN_RANGE_LOOP_ANALYSIS = YES;
				CLANG_WARN_STRICT_PROTOTYPES = YES;
				CLANG_WARN_SUSPICIOUS_MOVE = YES;
				CLANG_WARN_UNGUARDED_AVAILABILITY = YES_AGGRESSIVE;
				CLANG_WARN_UNREACHABLE_CODE = YES;
				CLANG_WARN__DUPLICATE_METHOD_MATCH = YES;
				COPY_PHASE_STRIP = NO;
				DEBUG_INFORMATION_FORMAT = dwarf;
				ENABLE_STRICT_OBJC_MSGSEND = YES;
				ENABLE_TESTABILITY = YES;
				ENABLE_USER_SCRIPT_SANDBOXING = YES;
				GCC_C_LANGUAGE_STANDARD = gnu17;
				GCC_DYNAMIC_NO_PIC = NO;
				GCC_NO_COMMON_BLOCKS = YES;
				GCC_OPTIMIZATION_LEVEL = 0;
				GCC_PREPROCESSOR_DEFINITIONS = (
					"DEBUG=1",
					"$(inherited)",
				);
				GCC_WARN_64_TO_32_BIT_CONVERSION = YES;
				GCC_WARN_ABOUT_RETURN_TYPE = YES_ERROR;
				GCC_WARN_UNDECLARED_SELECTOR = YES;
				GCC_WARN_UNINITIALIZED_AUTOS = YES_AGGRESSIVE;
				GCC_WARN_UNUSED_FUNCTION = YES;
				GCC_WARN_UNUSED_VARIABLE = YES;
				IPHONEOS_DEPLOYMENT_TARGET = 17.4;
				LOCALIZATION_PREFERS_STRING_CATALOGS = YES;
				MTL_ENABLE_DEBUG_INFO = INCLUDE_SOURCE;
				MTL_FAST_MATH = YES;
				ONLY_ACTIVE_ARCH = YES;
				SDKROOT = iphoneos;
				SWIFT_ACTIVE_COMPILATION_CONDITIONS = "DEBUG $(inherited)";
				SWIFT_OPTIMIZATION_LEVEL = "-Onone";
			};
			name = Debug;
		};
		B88C44BF2C0D41330074916B /* Release */ = {
			isa = XCBuildConfiguration;
			buildSettings = {
				ALWAYS_SEARCH_USER_PATHS = NO;
				ASSETCATALOG_COMPILER_GENERATE_SWIFT_ASSET_SYMBOL_EXTENSIONS = YES;
				CLANG_ANALYZER_NONNULL = YES;
				CLANG_ANALYZER_NUMBER_OBJECT_CONVERSION = YES_AGGRESSIVE;
				CLANG_CXX_LANGUAGE_STANDARD = "gnu++20";
				CLANG_ENABLE_MODULES = YES;
				CLANG_ENABLE_OBJC_ARC = YES;
				CLANG_ENABLE_OBJC_WEAK = YES;
				CLANG_WARN_BLOCK_CAPTURE_AUTORELEASING = YES;
				CLANG_WARN_BOOL_CONVERSION = YES;
				CLANG_WARN_COMMA = YES;
				CLANG_WARN_CONSTANT_CONVERSION = YES;
				CLANG_WARN_DEPRECATED_OBJC_IMPLEMENTATIONS = YES;
				CLANG_WARN_DIRECT_OBJC_ISA_USAGE = YES_ERROR;
				CLANG_WARN_DOCUMENTATION_COMMENTS = YES;
				CLANG_WARN_EMPTY_BODY = YES;
				CLANG_WARN_ENUM_CONVERSION = YES;
				CLANG_WARN_INFINITE_RECURSION = YES;
				CLANG_WARN_INT_CONVERSION = YES;
				CLANG_WARN_NON_LITERAL_NULL_CONVERSION = YES;
				CLANG_WARN_OBJC_IMPLICIT_RETAIN_SELF = YES;
				CLANG_WARN_OBJC_LITERAL_CONVERSION = YES;
				CLANG_WARN_OBJC_ROOT_CLASS = YES_ERROR;
				CLANG_WARN_QUOTED_INCLUDE_IN_FRAMEWORK_HEADER = YES;
				CLANG_WARN_RANGE_LOOP_ANALYSIS = YES;
				CLANG_WARN_STRICT_PROTOTYPES = YES;
				CLANG_WARN_SUSPICIOUS_MOVE = YES;
				CLANG_WARN_UNGUARDED_AVAILABILITY = YES_AGGRESSIVE;
				CLANG_WARN_UNREACHABLE_CODE = YES;
				CLANG_WARN__DUPLICATE_METHOD_MATCH = YES;
				COPY_PHASE_STRIP = NO;
				DEBUG_INFORMATION_FORMAT = "dwarf-with-dsym";
				ENABLE_NS_ASSERTIONS = NO;
				ENABLE_STRICT_OBJC_MSGSEND = YES;
				ENABLE_USER_SCRIPT_SANDBOXING = YES;
				GCC_C_LANGUAGE_STANDARD = gnu17;
				GCC_NO_COMMON_BLOCKS = YES;
				GCC_WARN_64_TO_32_BIT_CONVERSION = YES;
				GCC_WARN_ABOUT_RETURN_TYPE = YES_ERROR;
				GCC_WARN_UNDECLARED_SELECTOR = YES;
				GCC_WARN_UNINITIALIZED_AUTOS = YES_AGGRESSIVE;
				GCC_WARN_UNUSED_FUNCTION = YES;
				GCC_WARN_UNUSED_VARIABLE = YES;
				IPHONEOS_DEPLOYMENT_TARGET = 17.4;
				LOCALIZATION_PREFERS_STRING_CATALOGS = YES;
				MTL_ENABLE_DEBUG_INFO = NO;
				MTL_FAST_MATH = YES;
				SDKROOT = iphoneos;
				SWIFT_COMPILATION_MODE = wholemodule;
				VALIDATE_PRODUCT = YES;
			};
			name = Release;
		};
		B88C44C12C0D41330074916B /* Debug */ = {
			isa = XCBuildConfiguration;
			buildSettings = {
				ASSETCATALOG_COMPILER_APPICON_NAME = AppIcon;
				ASSETCATALOG_COMPILER_GLOBAL_ACCENT_COLOR_NAME = AccentColor;
				CODE_SIGN_STYLE = Automatic;
				CURRENT_PROJECT_VERSION = 1;
				DEVELOPMENT_TEAM = 9N9NGPM747;
				GENERATE_INFOPLIST_FILE = YES;
				INFOPLIST_FILE = NetworkBasic/Info.plist;
				INFOPLIST_KEY_UIApplicationSupportsIndirectInputEvents = YES;
				INFOPLIST_KEY_UILaunchStoryboardName = LaunchScreen;
				INFOPLIST_KEY_UIMainStoryboardFile = Main;
				INFOPLIST_KEY_UISupportedInterfaceOrientations = UIInterfaceOrientationPortrait;
				INFOPLIST_KEY_UISupportedInterfaceOrientations_iPad = UIInterfaceOrientationPortrait;
				IPHONEOS_DEPLOYMENT_TARGET = 17.0;
				LD_RUNPATH_SEARCH_PATHS = (
					"$(inherited)",
					"@executable_path/Frameworks",
				);
				MARKETING_VERSION = 1.0;
				PRODUCT_BUNDLE_IDENTIFIER = com.yeji.NetworkBasic;
				PRODUCT_NAME = "$(TARGET_NAME)";
				SUPPORTED_PLATFORMS = "iphoneos iphonesimulator";
				SUPPORTS_MACCATALYST = NO;
				SUPPORTS_MAC_DESIGNED_FOR_IPHONE_IPAD = NO;
				SUPPORTS_XR_DESIGNED_FOR_IPHONE_IPAD = NO;
				SWIFT_EMIT_LOC_STRINGS = YES;
				SWIFT_VERSION = 5.0;
				TARGETED_DEVICE_FAMILY = 1;
			};
			name = Debug;
		};
		B88C44C22C0D41330074916B /* Release */ = {
			isa = XCBuildConfiguration;
			buildSettings = {
				ASSETCATALOG_COMPILER_APPICON_NAME = AppIcon;
				ASSETCATALOG_COMPILER_GLOBAL_ACCENT_COLOR_NAME = AccentColor;
				CODE_SIGN_STYLE = Automatic;
				CURRENT_PROJECT_VERSION = 1;
				DEVELOPMENT_TEAM = 9N9NGPM747;
				GENERATE_INFOPLIST_FILE = YES;
				INFOPLIST_FILE = NetworkBasic/Info.plist;
				INFOPLIST_KEY_UIApplicationSupportsIndirectInputEvents = YES;
				INFOPLIST_KEY_UILaunchStoryboardName = LaunchScreen;
				INFOPLIST_KEY_UIMainStoryboardFile = Main;
				INFOPLIST_KEY_UISupportedInterfaceOrientations = UIInterfaceOrientationPortrait;
				INFOPLIST_KEY_UISupportedInterfaceOrientations_iPad = UIInterfaceOrientationPortrait;
				IPHONEOS_DEPLOYMENT_TARGET = 17.0;
				LD_RUNPATH_SEARCH_PATHS = (
					"$(inherited)",
					"@executable_path/Frameworks",
				);
				MARKETING_VERSION = 1.0;
				PRODUCT_BUNDLE_IDENTIFIER = com.yeji.NetworkBasic;
				PRODUCT_NAME = "$(TARGET_NAME)";
				SUPPORTED_PLATFORMS = "iphoneos iphonesimulator";
				SUPPORTS_MACCATALYST = NO;
				SUPPORTS_MAC_DESIGNED_FOR_IPHONE_IPAD = NO;
				SUPPORTS_XR_DESIGNED_FOR_IPHONE_IPAD = NO;
				SWIFT_EMIT_LOC_STRINGS = YES;
				SWIFT_VERSION = 5.0;
				TARGETED_DEVICE_FAMILY = 1;
			};
			name = Release;
		};
/* End XCBuildConfiguration section */

/* Begin XCConfigurationList section */
		B88C44A72C0D41310074916B /* Build configuration list for PBXProject "NetworkBasic" */ = {
			isa = XCConfigurationList;
			buildConfigurations = (
				B88C44BE2C0D41330074916B /* Debug */,
				B88C44BF2C0D41330074916B /* Release */,
			);
			defaultConfigurationIsVisible = 0;
			defaultConfigurationName = Release;
		};
		B88C44C02C0D41330074916B /* Build configuration list for PBXNativeTarget "NetworkBasic" */ = {
			isa = XCConfigurationList;
			buildConfigurations = (
				B88C44C12C0D41330074916B /* Debug */,
				B88C44C22C0D41330074916B /* Release */,
			);
			defaultConfigurationIsVisible = 0;
			defaultConfigurationName = Release;
		};
/* End XCConfigurationList section */

/* Begin XCRemoteSwiftPackageReference section */
		B890D7F32C0EB1BC009B013D /* XCRemoteSwiftPackageReference "SnapKit" */ = {
			isa = XCRemoteSwiftPackageReference;
			repositoryURL = "https://github.com/SnapKit/SnapKit.git";
			requirement = {
				kind = upToNextMajorVersion;
				minimumVersion = 5.7.1;
			};
		};
		B8ECD7102C0EEDB800FED45E /* XCRemoteSwiftPackageReference "Alamofire" */ = {
			isa = XCRemoteSwiftPackageReference;
			repositoryURL = "https://github.com/Alamofire/Alamofire.git";
			requirement = {
				kind = upToNextMajorVersion;
				minimumVersion = 5.9.1;
			};
		};
/* End XCRemoteSwiftPackageReference section */

/* Begin XCSwiftPackageProductDependency section */
		B890D7F42C0EB1BC009B013D /* SnapKit */ = {
			isa = XCSwiftPackageProductDependency;
			package = B890D7F32C0EB1BC009B013D /* XCRemoteSwiftPackageReference "SnapKit" */;
			productName = SnapKit;
		};
		B890D7F62C0EB1BC009B013D /* SnapKit-Dynamic */ = {
			isa = XCSwiftPackageProductDependency;
			package = B890D7F32C0EB1BC009B013D /* XCRemoteSwiftPackageReference "SnapKit" */;
			productName = "SnapKit-Dynamic";
		};
		B8ECD7112C0EEDB900FED45E /* Alamofire */ = {
			isa = XCSwiftPackageProductDependency;
			package = B8ECD7102C0EEDB800FED45E /* XCRemoteSwiftPackageReference "Alamofire" */;
			productName = Alamofire;
		};
/* End XCSwiftPackageProductDependency section */
	};
	rootObject = B88C44A42C0D41310074916B /* Project object */;
}
